
Microsoft Visual Studio Solution File, Format Version 12.00
# Visual Studio 15
VisualStudioVersion = 15.0.27004.2005
MinimumVisualStudioVersion = 10.0.40219.1
Project("{FAE04EC0-301F-11D3-BF4B-00C04F79EFBC}") = "Ninetales", "Ninetales.csproj", "{AC8046EC-E698-480A-B341-C1B64230C2BF}"
EndProject
Global
	GlobalSection(SolutionConfigurationPlatforms) = preSolution
		Debug|Any CPU = Debug|Any CPU
		Release|Any CPU = Release|Any CPU
	EndGlobalSection
	GlobalSection(ProjectConfigurationPlatforms) = postSolution
		{AC8046EC-E698-480A-B341-C1B64230C2BF}.Debug|Any CPU.ActiveCfg = Debug|Any CPU
		{AC8046EC-E698-480A-B341-C1B64230C2BF}.Debug|Any CPU.Build.0 = Debug|Any CPU
		{AC8046EC-E698-480A-B341-C1B64230C2BF}.Release|Any CPU.ActiveCfg = Release|Any CPU
		{AC8046EC-E698-480A-B341-C1B64230C2BF}.Release|Any CPU.Build.0 = Release|Any CPU
	EndGlobalSection
	GlobalSection(SolutionProperties) = preSolution
		HideSolutionNode = FALSE
	EndGlobalSection
	GlobalSection(ExtensibilityGlobals) = postSolution
		SolutionGuid = {F44694C6-07CA-47E8-B1A2-91DFFC1C35FD}
	EndGlobalSection
EndGlobal
